
Microsoft Visual Studio Solution File, Format Version 12.00
# Visual Studio 14
VisualStudioVersion = 14.0.25420.1
MinimumVisualStudioVersion = 10.0.40219.1
Project("{FAE04EC0-301F-11D3-BF4B-00C04F79EFBC}") = "OwinKatanaSample", "OwinKatanaSample\OwinKatanaSample.csproj", "{76756405-84C7-4F03-AFDC-7AB5ED7E2E0C}"
EndProject
Project("{FAE04EC0-301F-11D3-BF4B-00C04F79EFBC}") = "OwinKatanaSample.Tests", "OwinKatanaSample.Tests\OwinKatanaSample.Tests.csproj", "{BF4C6E92-0FCA-4F4D-8C54-F0FE9778C2FB}"
EndProject
Global
	GlobalSection(SolutionConfigurationPlatforms) = preSolution
		Debug|Any CPU = Debug|Any CPU
		Release|Any CPU = Release|Any CPU
	EndGlobalSection
	GlobalSection(ProjectConfigurationPlatforms) = postSolution
		{76756405-84C7-4F03-AFDC-7AB5ED7E2E0C}.Debug|Any CPU.ActiveCfg = Debug|Any CPU
		{76756405-84C7-4F03-AFDC-7AB5ED7E2E0C}.Debug|Any CPU.Build.0 = Debug|Any CPU
		{76756405-84C7-4F03-AFDC-7AB5ED7E2E0C}.Release|Any CPU.ActiveCfg = Release|Any CPU
		{76756405-84C7-4F03-AFDC-7AB5ED7E2E0C}.Release|Any CPU.Build.0 = Release|Any CPU
		{BF4C6E92-0FCA-4F4D-8C54-F0FE9778C2FB}.Debug|Any CPU.ActiveCfg = Debug|Any CPU
		{BF4C6E92-0FCA-4F4D-8C54-F0FE9778C2FB}.Debug|Any CPU.Build.0 = Debug|Any CPU
		{BF4C6E92-0FCA-4F4D-8C54-F0FE9778C2FB}.Release|Any CPU.ActiveCfg = Release|Any CPU
		{BF4C6E92-0FCA-4F4D-8C54-F0FE9778C2FB}.Release|Any CPU.Build.0 = Release|Any CPU
	EndGlobalSection
	GlobalSection(SolutionProperties) = preSolution
		HideSolutionNode = FALSE
	EndGlobalSection
EndGlobal
